
Microsoft Visual Studio Solution File, Format Version 12.00
# Visual Studio Version 16
VisualStudioVersion = 16.0.809.4
MinimumVisualStudioVersion = 10.0.40219.1
Project("{FAE04EC0-301F-11D3-BF4B-00C04F79EFBC}") = "IterationStatements", "IterationStatements.csproj", "{FFF30FE7-5665-42DD-8CA7-785EF5BBEAC3}"
EndProject
Global
	GlobalSection(SolutionConfigurationPlatforms) = preSolution
		Debug|Any CPU = Debug|Any CPU
		Release|Any CPU = Release|Any CPU
	EndGlobalSection
	GlobalSection(ProjectConfigurationPlatforms) = postSolution
		{FFF30FE7-5665-42DD-8CA7-785EF5BBEAC3}.Debug|Any CPU.ActiveCfg = Debug|Any CPU
		{FFF30FE7-5665-42DD-8CA7-785EF5BBEAC3}.Debug|Any CPU.Build.0 = Debug|Any CPU
		{FFF30FE7-5665-42DD-8CA7-785EF5BBEAC3}.Release|Any CPU.ActiveCfg = Release|Any CPU
		{FFF30FE7-5665-42DD-8CA7-785EF5BBEAC3}.Release|Any CPU.Build.0 = Release|Any CPU
	EndGlobalSection
	GlobalSection(SolutionProperties) = preSolution
		HideSolutionNode = FALSE
	EndGlobalSection
	GlobalSection(ExtensibilityGlobals) = postSolution
		SolutionGuid = {45430F83-4456-4C92-97E7-27A7BE211AD8}
	EndGlobalSection
EndGlobal
